
Microsoft Visual Studio Solution File, Format Version 12.00
# Visual Studio Version 17
VisualStudioVersion = 17.9.34728.123
MinimumVisualStudioVersion = 10.0.40219.1
Project("{9A19103F-16F7-4668-BE54-9A1E7A4F7556}") = "InternetoTechnologijosND", "InternetoTechnologijosND\InternetoTechnologijosND.csproj", "{D8AEA474-AD1C-4EE1-A897-931A515DA477}"
EndProject
Project("{FAE04EC0-301F-11D3-BF4B-00C04F79EFBC}") = "InternetoTechnologijosNDTests", "InternetoTechnologijosNDTests\InternetoTechnologijosNDTests.csproj", "{EEE18631-9A69-45BC-853F-4BB6465AB5A6}"
EndProject
Global
	GlobalSection(SolutionConfigurationPlatforms) = preSolution
		Debug|Any CPU = Debug|Any CPU
		Release|Any CPU = Release|Any CPU
	EndGlobalSection
	GlobalSection(ProjectConfigurationPlatforms) = postSolution
		{D8AEA474-AD1C-4EE1-A897-931A515DA477}.Debug|Any CPU.ActiveCfg = Debug|Any CPU
		{D8AEA474-AD1C-4EE1-A897-931A515DA477}.Debug|Any CPU.Build.0 = Debug|Any CPU
		{D8AEA474-AD1C-4EE1-A897-931A515DA477}.Release|Any CPU.ActiveCfg = Release|Any CPU
		{D8AEA474-AD1C-4EE1-A897-931A515DA477}.Release|Any CPU.Build.0 = Release|Any CPU
		{EEE18631-9A69-45BC-853F-4BB6465AB5A6}.Debug|Any CPU.ActiveCfg = Debug|Any CPU
		{EEE18631-9A69-45BC-853F-4BB6465AB5A6}.Debug|Any CPU.Build.0 = Debug|Any CPU
		{EEE18631-9A69-45BC-853F-4BB6465AB5A6}.Release|Any CPU.ActiveCfg = Release|Any CPU
		{EEE18631-9A69-45BC-853F-4BB6465AB5A6}.Release|Any CPU.Build.0 = Release|Any CPU
	EndGlobalSection
	GlobalSection(SolutionProperties) = preSolution
		HideSolutionNode = FALSE
	EndGlobalSection
	GlobalSection(ExtensibilityGlobals) = postSolution
		SolutionGuid = {6D3C146B-3C3F-4AFD-B35C-15CF1613C8A1}
	EndGlobalSection
EndGlobal
